
Microsoft Visual Studio Solution File, Format Version 12.00
# Visual Studio Version 16
VisualStudioVersion = 16.0.29709.97
MinimumVisualStudioVersion = 10.0.40219.1
Project("{FAE04EC0-301F-11D3-BF4B-00C04F79EFBC}") = "TilePanel", "TilePanel\TilePanel.csproj", "{4DDC9517-3025-41E5-9505-937CE5D48224}"
EndProject
Project("{FAE04EC0-301F-11D3-BF4B-00C04F79EFBC}") = "TilePanelDemo", "TilePanelDemo\TilePanelDemo.csproj", "{66EDC2F8-9F4E-4CB4-B177-EE961AC598E0}"
EndProject
Global
	GlobalSection(SolutionConfigurationPlatforms) = preSolution
		Debug|Any CPU = Debug|Any CPU
		Release|Any CPU = Release|Any CPU
	EndGlobalSection
	GlobalSection(ProjectConfigurationPlatforms) = postSolution
		{4DDC9517-3025-41E5-9505-937CE5D48224}.Debug|Any CPU.ActiveCfg = Debug|Any CPU
		{4DDC9517-3025-41E5-9505-937CE5D48224}.Debug|Any CPU.Build.0 = Debug|Any CPU
		{4DDC9517-3025-41E5-9505-937CE5D48224}.Release|Any CPU.ActiveCfg = Release|Any CPU
		{4DDC9517-3025-41E5-9505-937CE5D48224}.Release|Any CPU.Build.0 = Release|Any CPU
		{66EDC2F8-9F4E-4CB4-B177-EE961AC598E0}.Debug|Any CPU.ActiveCfg = Debug|Any CPU
		{66EDC2F8-9F4E-4CB4-B177-EE961AC598E0}.Debug|Any CPU.Build.0 = Debug|Any CPU
		{66EDC2F8-9F4E-4CB4-B177-EE961AC598E0}.Release|Any CPU.ActiveCfg = Release|Any CPU
		{66EDC2F8-9F4E-4CB4-B177-EE961AC598E0}.Release|Any CPU.Build.0 = Release|Any CPU
	EndGlobalSection
	GlobalSection(SolutionProperties) = preSolution
		HideSolutionNode = FALSE
	EndGlobalSection
	GlobalSection(ExtensibilityGlobals) = postSolution
		SolutionGuid = {05235D1C-27F5-4792-8B11-683E0E911C74}
	EndGlobalSection
EndGlobal
